
Microsoft Visual Studio Solution File, Format Version 12.00
# Visual Studio Version 16
VisualStudioVersion = 16.0.28922.388
MinimumVisualStudioVersion = 10.0.40219.1
Project("{FAE04EC0-301F-11D3-BF4B-00C04F79EFBC}") = "Wex_QA_Specflow", "Wex_QA_Specflow\Wex_QA_Specflow.csproj", "{5521FFDC-CEAC-496D-8A90-01DE4E99A62E}"
EndProject
Global
	GlobalSection(SolutionConfigurationPlatforms) = preSolution
		Debug|Any CPU = Debug|Any CPU
		Release|Any CPU = Release|Any CPU
	EndGlobalSection
	GlobalSection(ProjectConfigurationPlatforms) = postSolution
		{5521FFDC-CEAC-496D-8A90-01DE4E99A62E}.Debug|Any CPU.ActiveCfg = Debug|Any CPU
		{5521FFDC-CEAC-496D-8A90-01DE4E99A62E}.Debug|Any CPU.Build.0 = Debug|Any CPU
		{5521FFDC-CEAC-496D-8A90-01DE4E99A62E}.Release|Any CPU.ActiveCfg = Release|Any CPU
		{5521FFDC-CEAC-496D-8A90-01DE4E99A62E}.Release|Any CPU.Build.0 = Release|Any CPU
	EndGlobalSection
	GlobalSection(SolutionProperties) = preSolution
		HideSolutionNode = FALSE
	EndGlobalSection
	GlobalSection(ExtensibilityGlobals) = postSolution
		SolutionGuid = {3B372E88-8C05-4276-B75B-83C78C42E0C7}
	EndGlobalSection
EndGlobal
